// !$*UTF8*$!
{
	archiveVersion = 1;
	classes = {
	};
	objectVersion = 56;
	objects = {

/* Begin PBXBuildFile section */
		C19452442A1B145D004D508D /* SwiftUIBApp.swift in Sources */ = {isa = PBXBuildFile; fileRef = C19452432A1B145D004D508D /* SwiftUIBApp.swift */; };
		C19452462A1B145D004D508D /* ContentView.swift in Sources */ = {isa = PBXBuildFile; fileRef = C19452452A1B145D004D508D /* ContentView.swift */; };
		C194524B2A1B145E004D508D /* Preview Assets.xcassets in Resources */ = {isa = PBXBuildFile; fileRef = C194524A2A1B145E004D508D /* Preview Assets.xcassets */; };
		C19452552A1B145E004D508D /* SwiftUIBTests.swift in Sources */ = {isa = PBXBuildFile; fileRef = C19452542A1B145E004D508D /* SwiftUIBTests.swift */; };
		C194525F2A1B145E004D508D /* SwiftUIBUITests.swift in Sources */ = {isa = PBXBuildFile; fileRef = C194525E2A1B145E004D508D /* SwiftUIBUITests.swift */; };
		C19452612A1B145E004D508D /* SwiftUIBUITestsLaunchTests.swift in Sources */ = {isa = PBXBuildFile; fileRef = C19452602A1B145E004D508D /* SwiftUIBUITestsLaunchTests.swift */; };
		C194526E2A1B1FEB004D508D /* Assets.xcassets in Resources */ = {isa = PBXBuildFile; fileRef = C194526D2A1B1FEB004D508D /* Assets.xcassets */; };
/* End PBXBuildFile section */

/* Begin PBXContainerItemProxy section */
		C19452512A1B145E004D508D /* PBXContainerItemProxy */ = {
			isa = PBXContainerItemProxy;
			containerPortal = C19452382A1B145D004D508D /* Project object */;
			proxyType = 1;
			remoteGlobalIDString = C194523F2A1B145D004D508D;
			remoteInfo = SwiftUIB;
		};
		C194525B2A1B145E004D508D /* PBXContainerItemProxy */ = {
			isa = PBXContainerItemProxy;
			containerPortal = C19452382A1B145D004D508D /* Project object */;
			proxyType = 1;
			remoteGlobalIDString = C194523F2A1B145D004D508D;
			remoteInfo = SwiftUIB;
		};
/* End PBXContainerItemProxy section */

/* Begin PBXFileReference section */
		C19452402A1B145D004D508D /* SwiftUIB.app */ = {isa = PBXFileReference; explicitFileType = wrapper.application; includeInIndex = 0; path = SwiftUIB.app; sourceTree = BUILT_PRODUCTS_DIR; };
		C19452432A1B145D004D508D /* SwiftUIBApp.swift */ = {isa = PBXFileReference; lastKnownFileType = sourcecode.swift; path = SwiftUIBApp.swift; sourceTree = "<group>"; };
		C19452452A1B145D004D508D /* ContentView.swift */ = {isa = PBXFileReference; lastKnownFileType = sourcecode.swift; path = ContentView.swift; sourceTree = "<group>"; };
		C194524A2A1B145E004D508D /* Preview Assets.xcassets */ = {isa = PBXFileReference; lastKnownFileType = folder.assetcatalog; path = "Preview Assets.xcassets"; sourceTree = "<group>"; };
		C19452502A1B145E004D508D /* SwiftUIBTests.xctest */ = {isa = PBXFileReference; explicitFileType = wrapper.cfbundle; includeInIndex = 0; path = SwiftUIBTests.xctest; sourceTree = BUILT_PRODUCTS_DIR; };
		C19452542A1B145E004D508D /* SwiftUIBTests.swift */ = {isa = PBXFileReference; lastKnownFileType = sourcecode.swift; path = SwiftUIBTests.swift; sourceTree = "<group>"; };
		C194525A2A1B145E004D508D /* SwiftUIBUITests.xctest */ = {isa = PBXFileReference; explicitFileType = wrapper.cfbundle; includeInIndex = 0; path = SwiftUIBUITests.xctest; sourceTree = BUILT_PRODUCTS_DIR; };
		C194525E2A1B145E004D508D /* SwiftUIBUITests.swift */ = {isa = PBXFileReference; lastKnownFileType = sourcecode.swift; path = SwiftUIBUITests.swift; sourceTree = "<group>"; };
		C19452602A1B145E004D508D /* SwiftUIBUITestsLaunchTests.swift */ = {isa = PBXFileReference; lastKnownFileType = sourcecode.swift; path = SwiftUIBUITestsLaunchTests.swift; sourceTree = "<group>"; };
		C194526D2A1B1FEB004D508D /* Assets.xcassets */ = {isa = PBXFileReference; lastKnownFileType = folder.assetcatalog; name = Assets.xcassets; path = ../../../.Trash/Assets.xcassets; sourceTree = "<group>"; };
/* End PBXFileReference section */

/* Begin PBXFrameworksBuildPhase section */
		C194523D2A1B145D004D508D /* Frameworks */ = {
			isa = PBXFrameworksBuildPhase;
			buildActionMask = 2147483647;
			files = (
			);
			runOnlyForDeploymentPostprocessing = 0;
		};
		C194524D2A1B145E004D508D /* Frameworks */ = {
			isa = PBXFrameworksBuildPhase;
			buildActionMask = 2147483647;
			files = (
			);
			runOnlyForDeploymentPostprocessing = 0;
		};
		C19452572A1B145E004D508D /* Frameworks */ = {
			isa = PBXFrameworksBuildPhase;
			buildActionMask = 2147483647;
			files = (
			);
			runOnlyForDeploymentPostprocessing = 0;
		};
/* End PBXFrameworksBuildPhase section */

/* Begin PBXGroup section */
		C19452372A1B145D004D508D = {
			isa = PBXGroup;
			children = (
				C19452422A1B145D004D508D /* SwiftUIB */,
				C19452532A1B145E004D508D /* SwiftUIBTests */,
				C194525D2A1B145E004D508D /* SwiftUIBUITests */,
				C19452412A1B145D004D508D /* Products */,
			);
			sourceTree = "<group>";
		};
		C19452412A1B145D004D508D /* Products */ = {
			isa = PBXGroup;
			children = (
				C19452402A1B145D004D508D /* SwiftUIB.app */,
				C19452502A1B145E004D508D /* SwiftUIBTests.xctest */,
				C194525A2A1B145E004D508D /* SwiftUIBUITests.xctest */,
			);
			name = Products;
			sourceTree = "<group>";
		};
		C19452422A1B145D004D508D /* SwiftUIB */ = {
			isa = PBXGroup;
			children = (
				C194526D2A1B1FEB004D508D /* Assets.xcassets */,
				C19452432A1B145D004D508D /* SwiftUIBApp.swift */,
				C19452452A1B145D004D508D /* ContentView.swift */,
				C19452492A1B145E004D508D /* Preview Content */,
			);
			path = SwiftUIB;
			sourceTree = "<group>";
		};
		C19452492A1B145E004D508D /* Preview Content */ = {
			isa = PBXGroup;
			children = (
				C194524A2A1B145E004D508D /* Preview Assets.xcassets */,
			);
			path = "Preview Content";
			sourceTree = "<group>";
		};
		C19452532A1B145E004D508D /* SwiftUIBTests */ = {
			isa = PBXGroup;
			children = (
				C19452542A1B145E004D508D /* SwiftUIBTests.swift */,
			);
			path = SwiftUIBTests;
			sourceTree = "<group>";
		};
		C194525D2A1B145E004D508D /* SwiftUIBUITests */ = {
			isa = PBXGroup;
			children = (
				C194525E2A1B145E004D508D /* SwiftUIBUITests.swift */,
				C19452602A1B145E004D508D /* SwiftUIBUITestsLaunchTests.swift */,
			);
			path = SwiftUIBUITests;
			sourceTree = "<group>";
		};
/* End PBXGroup section */

/* Begin PBXNativeTarget section */
		C194523F2A1B145D004D508D /* SwiftUIB */ = {
			isa = PBXNativeTarget;
			buildConfigurationList = C19452642A1B145E004D508D /* Build configuration list for PBXNativeTarget "SwiftUIB" */;
			buildPhases = (
				C194523C2A1B145D004D508D /* Sources */,
				C194523D2A1B145D004D508D /* Frameworks */,
				C194523E2A1B145D004D508D /* Resources */,
			);
			buildRules = (
			);
			dependencies = (
			);
			name = SwiftUIB;
			productName = SwiftUIB;
			productReference = C19452402A1B145D004D508D /* SwiftUIB.app */;
			productType = "com.apple.product-type.application";
		};
		C194524F2A1B145E004D508D /* SwiftUIBTests */ = {
			isa = PBXNativeTarget;
			buildConfigurationList = C19452672A1B145E004D508D /* Build configuration list for PBXNativeTarget "SwiftUIBTests" */;
			buildPhases = (
				C194524C2A1B145E004D508D /* Sources */,
				C194524D2A1B145E004D508D /* Frameworks */,
				C194524E2A1B145E004D508D /* Resources */,
			);
			buildRules = (
			);
			dependencies = (
				C19452522A1B145E004D508D /* PBXTargetDependency */,
			);
			name = SwiftUIBTests;
			productName = SwiftUIBTests;
			productReference = C19452502A1B145E004D508D /* SwiftUIBTests.xctest */;
			productType = "com.apple.product-type.bundle.unit-test";
		};
		C19452592A1B145E004D508D /* SwiftUIBUITests */ = {
			isa = PBXNativeTarget;
			buildConfigurationList = C194526A2A1B145E004D508D /* Build configuration list for PBXNativeTarget "SwiftUIBUITests" */;
			buildPhases = (
				C19452562A1B145E004D508D /* Sources */,
				C19452572A1B145E004D508D /* Frameworks */,
				C19452582A1B145E004D508D /* Resources */,
			);
			buildRules = (
			);
			dependencies = (
				C194525C2A1B145E004D508D /* PBXTargetDependency */,
			);
			name = SwiftUIBUITests;
			productName = SwiftUIBUITests;
			productReference = C194525A2A1B145E004D508D /* SwiftUIBUITests.xctest */;
			productType = "com.apple.product-type.bundle.ui-testing";
		};
/* End PBXNativeTarget section */

/* Begin PBXProject section */
		C19452382A1B145D004D508D /* Project object */ = {
			isa = PBXProject;
			attributes = {
				BuildIndependentTargetsInParallel = 1;
				LastSwiftUpdateCheck = 1430;
				LastUpgradeCheck = 1430;
				TargetAttributes = {
					C194523F2A1B145D004D508D = {
						CreatedOnToolsVersion = 14.3;
					};
					C194524F2A1B145E004D508D = {
						CreatedOnToolsVersion = 14.3;
						TestTargetID = C194523F2A1B145D004D508D;
					};
					C19452592A1B145E004D508D = {
						CreatedOnToolsVersion = 14.3;
						TestTargetID = C194523F2A1B145D004D508D;
					};
				};
			};
			buildConfigurationList = C194523B2A1B145D004D508D /* Build configuration list for PBXProject "SwiftUIB" */;
			compatibilityVersion = "Xcode 14.0";
			developmentRegion = en;
			hasScannedForEncodings = 0;
			knownRegions = (
				en,
				Base,
			);
			mainGroup = C19452372A1B145D004D508D;
			productRefGroup = C19452412A1B145D004D508D /* Products */;
			projectDirPath = "";
			projectRoot = "";
			targets = (
				C194523F2A1B145D004D508D /* SwiftUIB */,
				C194524F2A1B145E004D508D /* SwiftUIBTests */,
				C19452592A1B145E004D508D /* SwiftUIBUITests */,
			);
		};
/* End PBXProject section */

/* Begin PBXResourcesBuildPhase section */
		C194523E2A1B145D004D508D /* Resources */ = {
			isa = PBXResourcesBuildPhase;
			buildActionMask = 2147483647;
			files = (
				C194526E2A1B1FEB004D508D /* Assets.xcassets in Resources */,
				C194524B2A1B145E004D508D /* Preview Assets.xcassets in Resources */,
			);
			runOnlyForDeploymentPostprocessing = 0;
		};
		C194524E2A1B145E004D508D /* Resources */ = {
			isa = PBXResourcesBuildPhase;
			buildActionMask = 2147483647;
			files = (
			);
			runOnlyForDeploymentPostprocessing = 0;
		};
		C19452582A1B145E004D508D /* Resources */ = {
			isa = PBXResourcesBuildPhase;
			buildActionMask = 2147483647;
			files = (
			);
			runOnlyForDeploymentPostprocessing = 0;
		};
/* End PBXResourcesBuildPhase section */

/* Begin PBXSourcesBuildPhase section */
		C194523C2A1B145D004D508D /* Sources */ = {
			isa = PBXSourcesBuildPhase;
			buildActionMask = 2147483647;
			files = (
				C19452462A1B145D004D508D /* ContentView.swift in Sources */,
				C19452442A1B145D004D508D /* SwiftUIBApp.swift in Sources */,
			);
			runOnlyForDeploymentPostprocessing = 0;
		};
		C194524C2A1B145E004D508D /* Sources */ = {
			isa = PBXSourcesBuildPhase;
			buildActionMask = 2147483647;
			files = (
				C19452552A1B145E004D508D /* SwiftUIBTests.swift in Sources */,
			);
			runOnlyForDeploymentPostprocessing = 0;
		};
		C19452562A1B145E004D508D /* Sources */ = {
			isa = PBXSourcesBuildPhase;
			buildActionMask = 2147483647;
			files = (
				C19452612A1B145E004D508D /* SwiftUIBUITestsLaunchTests.swift in Sources */,
				C194525F2A1B145E004D508D /* SwiftUIBUITests.swift in Sources */,
			);
			runOnlyForDeploymentPostprocessing = 0;
		};
/* End PBXSourcesBuildPhase section */

/* Begin PBXTargetDependency section */
		C19452522A1B145E004D508D /* PBXTargetDependency */ = {
			isa = PBXTargetDependency;
			target = C194523F2A1B145D004D508D /* SwiftUIB */;
			targetProxy = C19452512A1B145E004D508D /* PBXContainerItemProxy */;
		};
		C194525C2A1B145E004D508D /* PBXTargetDependency */ = {
			isa = PBXTargetDependency;
			target = C194523F2A1B145D004D508D /* SwiftUIB */;
			targetProxy = C194525B2A1B145E004D508D /* PBXContainerItemProxy */;
		};
/* End PBXTargetDependency section */

/* Begin XCBuildConfiguration section */
		C19452622A1B145E004D508D /* Debug */ = {
			isa = XCBuildConfiguration;
			buildSettings = {
				ALWAYS_SEARCH_USER_PATHS = NO;
				CLANG_ANALYZER_NONNULL = YES;
				CLANG_ANALYZER_NUMBER_OBJECT_CONVERSION = YES_AGGRESSIVE;
				CLANG_CXX_LANGUAGE_STANDARD = "gnu++20";
				CLANG_ENABLE_MODULES = YES;
				CLANG_ENABLE_OBJC_ARC = YES;
				CLANG_ENABLE_OBJC_WEAK = YES;
				CLANG_WARN_BLOCK_CAPTURE_AUTORELEASING = YES;
				CLANG_WARN_BOOL_CONVERSION = YES;
				CLANG_WARN_COMMA = YES;
				CLANG_WARN_CONSTANT_CONVERSION = YES;
				CLANG_WARN_DEPRECATED_OBJC_IMPLEMENTATIONS = YES;
				CLANG_WARN_DIRECT_OBJC_ISA_USAGE = YES_ERROR;
				CLANG_WARN_DOCUMENTATION_COMMENTS = YES;
				CLANG_WARN_EMPTY_BODY = YES;
				CLANG_WARN_ENUM_CONVERSION = YES;
				CLANG_WARN_INFINITE_RECURSION = YES;
				CLANG_WARN_INT_CONVERSION = YES;
				CLANG_WARN_NON_LITERAL_NULL_CONVERSION = YES;
				CLANG_WARN_OBJC_IMPLICIT_RETAIN_SELF = YES;
				CLANG_WARN_OBJC_LITERAL_CONVERSION = YES;
				CLANG_WARN_OBJC_ROOT_CLASS = YES_ERROR;
				CLANG_WARN_QUOTED_INCLUDE_IN_FRAMEWORK_HEADER = YES;
				CLANG_WARN_RANGE_LOOP_ANALYSIS = YES;
				CLANG_WARN_STRICT_PROTOTYPES = YES;
				CLANG_WARN_SUSPICIOUS_MOVE = YES;
				CLANG_WARN_UNGUARDED_AVAILABILITY = YES_AGGRESSIVE;
				CLANG_WARN_UNREACHABLE_CODE = YES;
				CLANG_WARN__DUPLICATE_METHOD_MATCH = YES;
				COPY_PHASE_STRIP = NO;
				DEBUG_INFORMATION_FORMAT = dwarf;
				ENABLE_STRICT_OBJC_MSGSEND = YES;
				ENABLE_TESTABILITY = YES;
				GCC_C_LANGUAGE_STANDARD = gnu11;
				GCC_DYNAMIC_NO_PIC = NO;
				GCC_NO_COMMON_BLOCKS = YES;
				GCC_OPTIMIZATION_LEVEL = 0;
				GCC_PREPROCESSOR_DEFINITIONS = (
					"DEBUG=1",
					"$(inherited)",
				);
				GCC_WARN_64_TO_32_BIT_CONVERSION = YES;
				GCC_WARN_ABOUT_RETURN_TYPE = YES_ERROR;
				GCC_WARN_UNDECLARED_SELECTOR = YES;
				GCC_WARN_UNINITIALIZED_AUTOS = YES_AGGRESSIVE;
				GCC_WARN_UNUSED_FUNCTION = YES;
				GCC_WARN_UNUSED_VARIABLE = YES;
				IPHONEOS_DEPLOYMENT_TARGET = 16.4;
				MTL_ENABLE_DEBUG_INFO = INCLUDE_SOURCE;
				MTL_FAST_MATH = YES;
				ONLY_ACTIVE_ARCH = YES;
				SDKROOT = iphoneos;
				SWIFT_ACTIVE_COMPILATION_CONDITIONS = DEBUG;
				SWIFT_OPTIMIZATION_LEVEL = "-Onone";
			};
			name = Debug;
		};
		C19452632A1B145E004D508D /* Release */ = {
			isa = XCBuildConfiguration;
			buildSettings = {
				ALWAYS_SEARCH_USER_PATHS = NO;
				CLANG_ANALYZER_NONNULL = YES;
				CLANG_ANALYZER_NUMBER_OBJECT_CONVERSION = YES_AGGRESSIVE;
				CLANG_CXX_LANGUAGE_STANDARD = "gnu++20";
				CLANG_ENABLE_MODULES = YES;
				CLANG_ENABLE_OBJC_ARC = YES;
				CLANG_ENABLE_OBJC_WEAK = YES;
				CLANG_WARN_BLOCK_CAPTURE_AUTORELEASING = YES;
				CLANG_WARN_BOOL_CONVERSION = YES;
				CLANG_WARN_COMMA = YES;
				CLANG_WARN_CONSTANT_CONVERSION = YES;
				CLANG_WARN_DEPRECATED_OBJC_IMPLEMENTATIONS = YES;
				CLANG_WARN_DIRECT_OBJC_ISA_USAGE = YES_ERROR;
				CLANG_WARN_DOCUMENTATION_COMMENTS = YES;
				CLANG_WARN_EMPTY_BODY = YES;
				CLANG_WARN_ENUM_CONVERSION = YES;
				CLANG_WARN_INFINITE_RECURSION = YES;
				CLANG_WARN_INT_CONVERSION = YES;
				CLANG_WARN_NON_LITERAL_NULL_CONVERSION = YES;
				CLANG_WARN_OBJC_IMPLICIT_RETAIN_SELF = YES;
				CLANG_WARN_OBJC_LITERAL_CONVERSION = YES;
				CLANG_WARN_OBJC_ROOT_CLASS = YES_ERROR;
				CLANG_WARN_QUOTED_INCLUDE_IN_FRAMEWORK_HEADER = YES;
				CLANG_WARN_RANGE_LOOP_ANALYSIS = YES;
				CLANG_WARN_STRICT_PROTOTYPES = YES;
				CLANG_WARN_SUSPICIOUS_MOVE = YES;
				CLANG_WARN_UNGUARDED_AVAILABILITY = YES_AGGRESSIVE;
				CLANG_WARN_UNREACHABLE_CODE = YES;
				CLANG_WARN__DUPLICATE_METHOD_MATCH = YES;
				COPY_PHASE_STRIP = NO;
				DEBUG_INFORMATION_FORMAT = "dwarf-with-dsym";
				ENABLE_NS_ASSERTIONS = NO;
				ENABLE_STRICT_OBJC_MSGSEND = YES;
				GCC_C_LANGUAGE_STANDARD = gnu11;
				GCC_NO_COMMON_BLOCKS = YES;
				GCC_WARN_64_TO_32_BIT_CONVERSION = YES;
				GCC_WARN_ABOUT_RETURN_TYPE = YES_ERROR;
				GCC_WARN_UNDECLARED_SELECTOR = YES;
				GCC_WARN_UNINITIALIZED_AUTOS = YES_AGGRESSIVE;
				GCC_WARN_UNUSED_FUNCTION = YES;
				GCC_WARN_UNUSED_VARIABLE = YES;
				IPHONEOS_DEPLOYMENT_TARGET = 16.4;
				MTL_ENABLE_DEBUG_INFO = NO;
				MTL_FAST_MATH = YES;
				SDKROOT = iphoneos;
				SWIFT_COMPILATION_MODE = wholemodule;
				SWIFT_OPTIMIZATION_LEVEL = "-O";
				VALIDATE_PRODUCT = YES;
			};
			name = Release;
		};
		C19452652A1B145E004D508D /* Debug */ = {
			isa = XCBuildConfiguration;
			buildSettings = {
				ASSETCATALOG_COMPILER_APPICON_NAME = AppIcon;
				ASSETCATALOG_COMPILER_GLOBAL_ACCENT_COLOR_NAME = AccentColor;
				CODE_SIGN_STYLE = Automatic;
				CURRENT_PROJECT_VERSION = 1;
				DEVELOPMENT_ASSET_PATHS = "\"SwiftUIB/Preview Content\"";
				ENABLE_PREVIEWS = YES;
				GENERATE_INFOPLIST_FILE = YES;
				INFOPLIST_KEY_UIApplicationSceneManifest_Generation = YES;
				INFOPLIST_KEY_UIApplicationSupportsIndirectInputEvents = YES;
				INFOPLIST_KEY_UILaunchScreen_Generation = YES;
				INFOPLIST_KEY_UISupportedInterfaceOrientations_iPad = "UIInterfaceOrientationPortrait UIInterfaceOrientationPortraitUpsideDown UIInterfaceOrientationLandscapeLeft UIInterfaceOrientationLandscapeRight";
				INFOPLIST_KEY_UISupportedInterfaceOrientations_iPhone = "UIInterfaceOrientationPortrait UIInterfaceOrientationLandscapeLeft UIInterfaceOrientationLandscapeRight";
				LD_RUNPATH_SEARCH_PATHS = (
					"$(inherited)",
					"@executable_path/Frameworks",
				);
				MARKETING_VERSION = 1.0;
				PRODUCT_BUNDLE_IDENTIFIER = com.swiftb.SwiftUIB;
				PRODUCT_NAME = "$(TARGET_NAME)";
				SWIFT_EMIT_LOC_STRINGS = YES;
				SWIFT_VERSION = 5.0;
				TARGETED_DEVICE_FAMILY = "1,2";
			};
			name = Debug;
		};
		C19452662A1B145E004D508D /* Release */ = {
			isa = XCBuildConfiguration;
			buildSettings = {
				ASSETCATALOG_COMPILER_APPICON_NAME = AppIcon;
				ASSETCATALOG_COMPILER_GLOBAL_ACCENT_COLOR_NAME = AccentColor;
				CODE_SIGN_STYLE = Automatic;
				CURRENT_PROJECT_VERSION = 1;
				DEVELOPMENT_ASSET_PATHS = "\"SwiftUIB/Preview Content\"";
				ENABLE_PREVIEWS = YES;
				GENERATE_INFOPLIST_FILE = YES;
				INFOPLIST_KEY_UIApplicationSceneManifest_Generation = YES;
				INFOPLIST_KEY_UIApplicationSupportsIndirectInputEvents = YES;
				INFOPLIST_KEY_UILaunchScreen_Generation = YES;
				INFOPLIST_KEY_UISupportedInterfaceOrientations_iPad = "UIInterfaceOrientationPortrait UIInterfaceOrientationPortraitUpsideDown UIInterfaceOrientationLandscapeLeft UIInterfaceOrientationLandscapeRight";
				INFOPLIST_KEY_UISupportedInterfaceOrientations_iPhone = "UIInterfaceOrientationPortrait UIInterfaceOrientationLandscapeLeft UIInterfaceOrientationLandscapeRight";
				LD_RUNPATH_SEARCH_PATHS = (
					"$(inherited)",
					"@executable_path/Frameworks",
				);
				MARKETING_VERSION = 1.0;
				PRODUCT_BUNDLE_IDENTIFIER = com.swiftb.SwiftUIB;
				PRODUCT_NAME = "$(TARGET_NAME)";
				SWIFT_EMIT_LOC_STRINGS = YES;
				SWIFT_VERSION = 5.0;
				TARGETED_DEVICE_FAMILY = "1,2";
			};
			name = Release;
		};
		C19452682A1B145E004D508D /* Debug */ = {
			isa = XCBuildConfiguration;
			buildSettings = {
				ALWAYS_EMBED_SWIFT_STANDARD_LIBRARIES = YES;
				BUNDLE_LOADER = "$(TEST_HOST)";
				CODE_SIGN_STYLE = Automatic;
				CURRENT_PROJECT_VERSION = 1;
				GENERATE_INFOPLIST_FILE = YES;
				IPHONEOS_DEPLOYMENT_TARGET = 16.4;
				MARKETING_VERSION = 1.0;
				PRODUCT_BUNDLE_IDENTIFIER = com.swiftb.SwiftUIBTests;
				PRODUCT_NAME = "$(TARGET_NAME)";
				SWIFT_EMIT_LOC_STRINGS = NO;
				SWIFT_VERSION = 5.0;
				TARGETED_DEVICE_FAMILY = "1,2";
				TEST_HOST = "$(BUILT_PRODUCTS_DIR)/SwiftUIB.app/$(BUNDLE_EXECUTABLE_FOLDER_PATH)/SwiftUIB";
			};
			name = Debug;
		};
		C19452692A1B145E004D508D /* Release */ = {
			isa = XCBuildConfiguration;
			buildSettings = {
				ALWAYS_EMBED_SWIFT_STANDARD_LIBRARIES = YES;
				BUNDLE_LOADER = "$(TEST_HOST)";
				CODE_SIGN_STYLE = Automatic;
				CURRENT_PROJECT_VERSION = 1;
				GENERATE_INFOPLIST_FILE = YES;
				IPHONEOS_DEPLOYMENT_TARGET = 16.4;
				MARKETING_VERSION = 1.0;
				PRODUCT_BUNDLE_IDENTIFIER = com.swiftb.SwiftUIBTests;
				PRODUCT_NAME = "$(TARGET_NAME)";
				SWIFT_EMIT_LOC_STRINGS = NO;
				SWIFT_VERSION = 5.0;
				TARGETED_DEVICE_FAMILY = "1,2";
				TEST_HOST = "$(BUILT_PRODUCTS_DIR)/SwiftUIB.app/$(BUNDLE_EXECUTABLE_FOLDER_PATH)/SwiftUIB";
			};
			name = Release;
		};
		C194526B2A1B145E004D508D /* Debug */ = {
			isa = XCBuildConfiguration;
			buildSettings = {
				ALWAYS_EMBED_SWIFT_STANDARD_LIBRARIES = YES;
				CODE_SIGN_STYLE = Automatic;
				CURRENT_PROJECT_VERSION = 1;
				GENERATE_INFOPLIST_FILE = YES;
				MARKETING_VERSION = 1.0;
				PRODUCT_BUNDLE_IDENTIFIER = com.swiftb.SwiftUIBUITests;
				PRODUCT_NAME = "$(TARGET_NAME)";
				SWIFT_EMIT_LOC_STRINGS = NO;
				SWIFT_VERSION = 5.0;
				TARGETED_DEVICE_FAMILY = "1,2";
				TEST_TARGET_NAME = SwiftUIB;
			};
			name = Debug;
		};
		C194526C2A1B145E004D508D /* Release */ = {
			isa = XCBuildConfiguration;
			buildSettings = {
				ALWAYS_EMBED_SWIFT_STANDARD_LIBRARIES = YES;
				CODE_SIGN_STYLE = Automatic;
				CURRENT_PROJECT_VERSION = 1;
				GENERATE_INFOPLIST_FILE = YES;
				MARKETING_VERSION = 1.0;
				PRODUCT_BUNDLE_IDENTIFIER = com.swiftb.SwiftUIBUITests;
				PRODUCT_NAME = "$(TARGET_NAME)";
				SWIFT_EMIT_LOC_STRINGS = NO;
				SWIFT_VERSION = 5.0;
				TARGETED_DEVICE_FAMILY = "1,2";
				TEST_TARGET_NAME = SwiftUIB;
			};
			name = Release;
		};
/* End XCBuildConfiguration section */

/* Begin XCConfigurationList section */
		C194523B2A1B145D004D508D /* Build configuration list for PBXProject "SwiftUIB" */ = {
			isa = XCConfigurationList;
			buildConfigurations = (
				C19452622A1B145E004D508D /* Debug */,
				C19452632A1B145E004D508D /* Release */,
			);
			defaultConfigurationIsVisible = 0;
			defaultConfigurationName = Release;
		};
		C19452642A1B145E004D508D /* Build configuration list for PBXNativeTarget "SwiftUIB" */ = {
			isa = XCConfigurationList;
			buildConfigurations = (
				C19452652A1B145E004D508D /* Debug */,
				C19452662A1B145E004D508D /* Release */,
			);
			defaultConfigurationIsVisible = 0;
			defaultConfigurationName = Release;
		};
		C19452672A1B145E004D508D /* Build configuration list for PBXNativeTarget "SwiftUIBTests" */ = {
			isa = XCConfigurationList;
			buildConfigurations = (
				C19452682A1B145E004D508D /* Debug */,
				C19452692A1B145E004D508D /* Release */,
			);
			defaultConfigurationIsVisible = 0;
			defaultConfigurationName = Release;
		};
		C194526A2A1B145E004D508D /* Build configuration list for PBXNativeTarget "SwiftUIBUITests" */ = {
			isa = XCConfigurationList;
			buildConfigurations = (
				C194526B2A1B145E004D508D /* Debug */,
				C194526C2A1B145E004D508D /* Release */,
			);
			defaultConfigurationIsVisible = 0;
			defaultConfigurationName = Release;
		};
/* End XCConfigurationList section */
	};
	rootObject = C19452382A1B145D004D508D /* Project object */;
}
